
Microsoft Visual Studio Solution File, Format Version 12.00
# Visual Studio Version 17
VisualStudioVersion = 17.5.33530.505
MinimumVisualStudioVersion = 10.0.40219.1
Project("{FAE04EC0-301F-11D3-BF4B-00C04F79EFBC}") = "ScholarShip", "ScholarShip\ScholarShip.csproj", "{477A93BD-D681-42BA-9BA6-BA022C4FB0D2}"
EndProject
Global
	GlobalSection(SolutionConfigurationPlatforms) = preSolution
		Debug|Any CPU = Debug|Any CPU
		Release|Any CPU = Release|Any CPU
	EndGlobalSection
	GlobalSection(ProjectConfigurationPlatforms) = postSolution
		{477A93BD-D681-42BA-9BA6-BA022C4FB0D2}.Debug|Any CPU.ActiveCfg = Debug|Any CPU
		{477A93BD-D681-42BA-9BA6-BA022C4FB0D2}.Debug|Any CPU.Build.0 = Debug|Any CPU
		{477A93BD-D681-42BA-9BA6-BA022C4FB0D2}.Release|Any CPU.ActiveCfg = Release|Any CPU
		{477A93BD-D681-42BA-9BA6-BA022C4FB0D2}.Release|Any CPU.Build.0 = Release|Any CPU
	EndGlobalSection
	GlobalSection(SolutionProperties) = preSolution
		HideSolutionNode = FALSE
	EndGlobalSection
	GlobalSection(ExtensibilityGlobals) = postSolution
		SolutionGuid = {B39AC586-F402-4DA3-817F-230AA396DE6E}
	EndGlobalSection
EndGlobal
