
Microsoft Visual Studio Solution File, Format Version 12.00
# Visual Studio Version 17
VisualStudioVersion = 17.4.33213.308
MinimumVisualStudioVersion = 10.0.40219.1
Project("{FAE04EC0-301F-11D3-BF4B-00C04F79EFBC}") = "ScholarShip", "ScholarShip\ScholarShip.csproj", "{EC018305-D1B5-404E-A715-6511DCFD3C11}"
EndProject
Global
	GlobalSection(SolutionConfigurationPlatforms) = preSolution
		Debug|Any CPU = Debug|Any CPU
		Release|Any CPU = Release|Any CPU
	EndGlobalSection
	GlobalSection(ProjectConfigurationPlatforms) = postSolution
		{EC018305-D1B5-404E-A715-6511DCFD3C11}.Debug|Any CPU.ActiveCfg = Debug|Any CPU
		{EC018305-D1B5-404E-A715-6511DCFD3C11}.Debug|Any CPU.Build.0 = Debug|Any CPU
		{EC018305-D1B5-404E-A715-6511DCFD3C11}.Release|Any CPU.ActiveCfg = Release|Any CPU
		{EC018305-D1B5-404E-A715-6511DCFD3C11}.Release|Any CPU.Build.0 = Release|Any CPU
	EndGlobalSection
	GlobalSection(SolutionProperties) = preSolution
		HideSolutionNode = FALSE
	EndGlobalSection
	GlobalSection(ExtensibilityGlobals) = postSolution
		SolutionGuid = {06227DB7-AB3E-4ED2-B52B-3F3323647B70}
	EndGlobalSection
EndGlobal
